<?xml version="1.0" encoding="utf-8"?>
<Project ToolsVersion="4.0" xmlns="http://schemas.microsoft.com/developer/msbuild/2003">
  <ItemGroup>
    <ClInclude Include="Private\PCH.Mona.h" />
    <ClInclude Include="Public\Definitions.Mona.h" />
    <ClInclude Include="Private\ThirdParty\ImGui\imstb_rectpack.h" />
    <ClInclude Include="Private\ThirdParty\ImGui\imstb_textedit.h" />
    <ClInclude Include="Private\ThirdParty\ImGui\imstb_truetype.h" />
    <ClInclude Include="Public\ThirdParty\ImGui\imconfig.h" />
    <ClInclude Include="Public\ThirdParty\ImGui\imgui.h" />
    <ClInclude Include="Public\ThirdParty\ImGui\imgui_internal.h" />
    <ClInclude Include="Public\Mona.h" />
    <ClInclude Include="Public\ThirdParty\ImGui\ImGuiCommon.h" />
    <ClInclude Include="Public\Widgets\MViewport.h" />
    <ClInclude Include="Public\MonaGlobals.h" />
    <ClInclude Include="Private\PrivateDefinitions.Mona.h" />
  </ItemGroup>
  <ItemGroup>
    <ClCompile Include="Private\Misc\PCH.Mona.cpp" />
    <ClCompile Include="Private\ThirdParty\ImGui\imgui.cpp" />
    <ClCompile Include="Private\ThirdParty\ImGui\imgui_demo.cpp" />
    <ClCompile Include="Private\ThirdParty\ImGui\imgui_draw.cpp" />
    <ClCompile Include="Private\ThirdParty\ImGui\imgui_tables.cpp" />
    <ClCompile Include="Private\ThirdParty\ImGui\imgui_widgets.cpp" />
    <ClCompile Include="Private\Misc\MonaGlobals.cpp" />
  </ItemGroup>
</Project>