<?xml version="1.0" encoding="utf-8"?>
<Project ToolsVersion="4.0" xmlns="http://schemas.microsoft.com/developer/msbuild/2003">
  <ItemGroup>
    <ClInclude Include="Private\PCH.Mona.h" />
    <ClInclude Include="Public\Definitions.Mona.h" />
    <ClInclude Include="Private\ThirdParty\ImGui\imstb_rectpack.h" />
    <ClInclude Include="Private\ThirdParty\ImGui\imstb_textedit.h" />
    <ClInclude Include="Private\ThirdParty\ImGui\imstb_truetype.h" />
    <ClInclude Include="Public\ThirdParty\ImGui\imconfig.h" />
    <ClInclude Include="Public\ThirdParty\ImGui\imgui.h" />
    <ClInclude Include="Public\ThirdParty\ImGui\imgui_internal.h" />
    <ClInclude Include="Public\Mona.h" />
    <ClInclude Include="Public\ThirdParty\ImGui\ImGuiCommon.h" />
    <ClInclude Include="Public\MonaGlobals.h" />
    <ClInclude Include="Private\ThirdParty\Glfw\GlfwCommon.h" />
    <ClInclude Include="Public\Application\GenericApplication.h" />
    <ClInclude Include="Public\Application\MonaApplication.h" />
    <ClInclude Include="Private\Application\MonaWindowHelper.h" />
    <ClInclude Include="Public\Widgets\KWidget.h" />
    <ClInclude Include="Public\Widgets\KWindow.h" />
    <ClInclude Include="Public\Window\GenericWindow.h" />
    <ClInclude Include="Public\Window\GenericWindowDefinition.h" />
    <ClInclude Include="Public\Window\GlfwWindow.h" />
  </ItemGroup>
  <ItemGroup>
    <ClCompile Include="Private\PCH.Mona.cpp" />
    <ClCompile Include="Private\ThirdParty\ImGui\imgui.cpp" />
    <ClCompile Include="Private\ThirdParty\ImGui\imgui_demo.cpp" />
    <ClCompile Include="Private\ThirdParty\ImGui\imgui_draw.cpp" />
    <ClCompile Include="Private\ThirdParty\ImGui\imgui_tables.cpp" />
    <ClCompile Include="Private\ThirdParty\ImGui\imgui_widgets.cpp" />
    <ClCompile Include="Private\MonaGlobals.cpp" />
    <ClCompile Include="Private\Application\GenericApplication.cpp" />
    <ClCompile Include="Private\Application\MonaApplication.cpp" />
    <ClCompile Include="Private\Application\MonaWindowHelper.cpp" />
    <ClCompile Include="Private\Widgets\KWindow.cpp" />
    <ClCompile Include="Private\Widgets\KWidget.cpp" />
    <ClCompile Include="Private\Window\GlfwWindow.cpp" />
    <ClCompile Include="Private\Window\GenericWindow.cpp" />
  </ItemGroup>
</Project>