
Microsoft Visual Studio Solution File, Format Version 12.00
# Visual Studio Version 17
VisualStudioVersion = 17.14.36202.13
MinimumVisualStudioVersion = 10.0.40219.1
Project("{8BC9CEB8-8B4A-11D0-8D11-00A0C91BC942}") = "Doge", "Engine\Source\Editor\Doge\Doge.vcxproj", "{766FEC04-AF3E-41E1-95D5-00DC7F6723F5}"
EndProject
Project("{2150E333-8FDC-42A3-9474-1A3956D46DE8}") = "Editor", "Editor", "{02EA681E-C7D8-13C7-8484-4AC65E1B71E8}"
EndProject
Project("{2150E333-8FDC-42A3-9474-1A3956D46DE8}") = "Runtime", "Runtime", "{A7FC97DE-B271-462E-A8C9-B4244F7BCA71}"
EndProject
Project("{8BC9CEB8-8B4A-11D0-8D11-00A0C91BC942}") = "Core", "Engine\Source\Runtime\Core\Core.vcxproj", "{2D1B9781-71ED-4D4B-9DC2-AB9E9379F104}"
EndProject
Project("{8BC9CEB8-8B4A-11D0-8D11-00A0C91BC942}") = "Engine", "Engine\Source\Runtime\Engine\Engine.vcxproj", "{75995B8E-3CD2-4ADB-938D-3B2FFFCA32C4}"
EndProject
Project("{2150E333-8FDC-42A3-9474-1A3956D46DE8}") = "ThirdParty", "ThirdParty", "{60C85ED2-773C-470C-9F39-7F6070E9D120}"
EndProject
Project("{8BC9CEB8-8B4A-11D0-8D11-00A0C91BC942}") = "spdlog", "..\DogeEngine\Engine\Source\ThirdParty\spdlog\build\spdlog.vcxproj", "{4E894C5A-73D2-3CF0-B54A-B862DFEE9187}"
EndProject
Project("{8BC9CEB8-8B4A-11D0-8D11-00A0C91BC942}") = "glfw", "..\DogeEngine\Engine\Source\ThirdParty\glfw\build\src\glfw.vcxproj", "{665EB1B4-EDC2-3D36-81B0-F6B1F447E529}"
EndProject
Project("{8BC9CEB8-8B4A-11D0-8D11-00A0C91BC942}") = "Klee", "Engine\Source\Runtime\Klee\Klee.vcxproj", "{76CFAF9A-926A-411B-AA9E-56AE6913D68C}"
EndProject
Project("{8BC9CEB8-8B4A-11D0-8D11-00A0C91BC942}") = "RHI", "Engine\Source\Runtime\RHI\RHI.vcxproj", "{6E1F4F67-C330-4CCF-806F-3DD58F4CAE42}"
EndProject
Project("{8BC9CEB8-8B4A-11D0-8D11-00A0C91BC942}") = "VulkanRHI", "Engine\Source\Runtime\VulkanRHI\VulkanRHI.vcxproj", "{E9FE3427-3530-466F-B67A-422F730254A0}"
EndProject
Project("{8BC9CEB8-8B4A-11D0-8D11-00A0C91BC942}") = "RenderCore", "Engine\Source\Runtime\RenderCore\RenderCore.vcxproj", "{D3103848-7E94-4C6B-AAF2-E57247426F9B}"
EndProject
Project("{8BC9CEB8-8B4A-11D0-8D11-00A0C91BC942}") = "Mona", "Engine\Source\Runtime\Mona\Mona.vcxproj", "{403EABFB-E400-4AE1-B50C-1F7D83FC9B78}"
EndProject
Project("{8BC9CEB8-8B4A-11D0-8D11-00A0C91BC942}") = "MonaCore", "Engine\Source\Runtime\MonaCore\MonaCore.vcxproj", "{CADBA216-D7C5-43FA-9ABB-970F9316607B}"
EndProject
Project("{8BC9CEB8-8B4A-11D0-8D11-00A0C91BC942}") = "ApplicationCore", "Engine\Source\Runtime\ApplicationCore\ApplicationCore.vcxproj", "{CE082BC8-3653-4791-818C-110FCCFC4338}"
EndProject
Project("{8BC9CEB8-8B4A-11D0-8D11-00A0C91BC942}") = "MainFrame", "Engine\Source\Editor\MainFrame\MainFrame.vcxproj", "{C769F9BA-5B6C-441F-844D-970B4415917C}"
EndProject
Project("{8BC9CEB8-8B4A-11D0-8D11-00A0C91BC942}") = "DogeEd", "Engine\Source\Editor\DogeEd\DogeEd.vcxproj", "{A6460B8B-D2E1-4558-9008-74AA3099530E}"
EndProject
Project("{8BC9CEB8-8B4A-11D0-8D11-00A0C91BC942}") = "Launch", "Engine\Source\Runtime\Launch\Launch.vcxproj", "{AD92A9E4-D824-4BD0-AE01-7727E9D0300B}"
EndProject
Project("{8BC9CEB8-8B4A-11D0-8D11-00A0C91BC942}") = "LevelEditor", "Engine\Source\Editor\LevelEditor\LevelEditor.vcxproj", "{3BEB4FAB-EBE9-434A-A847-5CE14B40E4E3}"
EndProject
Project("{8BC9CEB8-8B4A-11D0-8D11-00A0C91BC942}") = "Renderer", "Engine\Source\Runtime\Renderer\Renderer.vcxproj", "{B30938E5-67B2-4802-9E1A-E143DC21D4AD}"
EndProject
Global
	GlobalSection(SolutionConfigurationPlatforms) = preSolution
		Debug|x64 = Debug|x64
		Debug|x86 = Debug|x86
		Release|x64 = Release|x64
		Release|x86 = Release|x86
	EndGlobalSection
	GlobalSection(ProjectConfigurationPlatforms) = postSolution
		{766FEC04-AF3E-41E1-95D5-00DC7F6723F5}.Debug|x64.ActiveCfg = Debug|x64
		{766FEC04-AF3E-41E1-95D5-00DC7F6723F5}.Debug|x64.Build.0 = Debug|x64
		{766FEC04-AF3E-41E1-95D5-00DC7F6723F5}.Debug|x86.ActiveCfg = Debug|Win32
		{766FEC04-AF3E-41E1-95D5-00DC7F6723F5}.Debug|x86.Build.0 = Debug|Win32
		{766FEC04-AF3E-41E1-95D5-00DC7F6723F5}.Release|x64.ActiveCfg = Release|x64
		{766FEC04-AF3E-41E1-95D5-00DC7F6723F5}.Release|x64.Build.0 = Release|x64
		{766FEC04-AF3E-41E1-95D5-00DC7F6723F5}.Release|x86.ActiveCfg = Release|Win32
		{766FEC04-AF3E-41E1-95D5-00DC7F6723F5}.Release|x86.Build.0 = Release|Win32
		{2D1B9781-71ED-4D4B-9DC2-AB9E9379F104}.Debug|x64.ActiveCfg = Debug|x64
		{2D1B9781-71ED-4D4B-9DC2-AB9E9379F104}.Debug|x64.Build.0 = Debug|x64
		{2D1B9781-71ED-4D4B-9DC2-AB9E9379F104}.Debug|x86.ActiveCfg = Debug|Win32
		{2D1B9781-71ED-4D4B-9DC2-AB9E9379F104}.Debug|x86.Build.0 = Debug|Win32
		{2D1B9781-71ED-4D4B-9DC2-AB9E9379F104}.Release|x64.ActiveCfg = Release|x64
		{2D1B9781-71ED-4D4B-9DC2-AB9E9379F104}.Release|x64.Build.0 = Release|x64
		{2D1B9781-71ED-4D4B-9DC2-AB9E9379F104}.Release|x86.ActiveCfg = Release|Win32
		{2D1B9781-71ED-4D4B-9DC2-AB9E9379F104}.Release|x86.Build.0 = Release|Win32
		{75995B8E-3CD2-4ADB-938D-3B2FFFCA32C4}.Debug|x64.ActiveCfg = Debug|x64
		{75995B8E-3CD2-4ADB-938D-3B2FFFCA32C4}.Debug|x64.Build.0 = Debug|x64
		{75995B8E-3CD2-4ADB-938D-3B2FFFCA32C4}.Debug|x86.ActiveCfg = Debug|Win32
		{75995B8E-3CD2-4ADB-938D-3B2FFFCA32C4}.Debug|x86.Build.0 = Debug|Win32
		{75995B8E-3CD2-4ADB-938D-3B2FFFCA32C4}.Release|x64.ActiveCfg = Release|x64
		{75995B8E-3CD2-4ADB-938D-3B2FFFCA32C4}.Release|x64.Build.0 = Release|x64
		{75995B8E-3CD2-4ADB-938D-3B2FFFCA32C4}.Release|x86.ActiveCfg = Release|Win32
		{75995B8E-3CD2-4ADB-938D-3B2FFFCA32C4}.Release|x86.Build.0 = Release|Win32
		{4E894C5A-73D2-3CF0-B54A-B862DFEE9187}.Debug|x64.ActiveCfg = Debug|x64
		{4E894C5A-73D2-3CF0-B54A-B862DFEE9187}.Debug|x86.ActiveCfg = Debug|x64
		{4E894C5A-73D2-3CF0-B54A-B862DFEE9187}.Debug|x86.Build.0 = Debug|x64
		{4E894C5A-73D2-3CF0-B54A-B862DFEE9187}.Release|x64.ActiveCfg = Release|x64
		{4E894C5A-73D2-3CF0-B54A-B862DFEE9187}.Release|x86.ActiveCfg = Release|x64
		{4E894C5A-73D2-3CF0-B54A-B862DFEE9187}.Release|x86.Build.0 = Release|x64
		{665EB1B4-EDC2-3D36-81B0-F6B1F447E529}.Debug|x64.ActiveCfg = Debug|x64
		{665EB1B4-EDC2-3D36-81B0-F6B1F447E529}.Debug|x86.ActiveCfg = Debug|x64
		{665EB1B4-EDC2-3D36-81B0-F6B1F447E529}.Debug|x86.Build.0 = Debug|x64
		{665EB1B4-EDC2-3D36-81B0-F6B1F447E529}.Release|x64.ActiveCfg = Release|x64
		{665EB1B4-EDC2-3D36-81B0-F6B1F447E529}.Release|x86.ActiveCfg = Release|x64
		{665EB1B4-EDC2-3D36-81B0-F6B1F447E529}.Release|x86.Build.0 = Release|x64
		{76CFAF9A-926A-411B-AA9E-56AE6913D68C}.Debug|x64.ActiveCfg = Debug|x64
		{76CFAF9A-926A-411B-AA9E-56AE6913D68C}.Debug|x64.Build.0 = Debug|x64
		{76CFAF9A-926A-411B-AA9E-56AE6913D68C}.Debug|x86.ActiveCfg = Debug|Win32
		{76CFAF9A-926A-411B-AA9E-56AE6913D68C}.Debug|x86.Build.0 = Debug|Win32
		{76CFAF9A-926A-411B-AA9E-56AE6913D68C}.Release|x64.ActiveCfg = Release|x64
		{76CFAF9A-926A-411B-AA9E-56AE6913D68C}.Release|x64.Build.0 = Release|x64
		{76CFAF9A-926A-411B-AA9E-56AE6913D68C}.Release|x86.ActiveCfg = Release|Win32
		{76CFAF9A-926A-411B-AA9E-56AE6913D68C}.Release|x86.Build.0 = Release|Win32
		{6E1F4F67-C330-4CCF-806F-3DD58F4CAE42}.Debug|x64.ActiveCfg = Debug|x64
		{6E1F4F67-C330-4CCF-806F-3DD58F4CAE42}.Debug|x64.Build.0 = Debug|x64
		{6E1F4F67-C330-4CCF-806F-3DD58F4CAE42}.Debug|x86.ActiveCfg = Debug|Win32
		{6E1F4F67-C330-4CCF-806F-3DD58F4CAE42}.Debug|x86.Build.0 = Debug|Win32
		{6E1F4F67-C330-4CCF-806F-3DD58F4CAE42}.Release|x64.ActiveCfg = Release|x64
		{6E1F4F67-C330-4CCF-806F-3DD58F4CAE42}.Release|x64.Build.0 = Release|x64
		{6E1F4F67-C330-4CCF-806F-3DD58F4CAE42}.Release|x86.ActiveCfg = Release|Win32
		{6E1F4F67-C330-4CCF-806F-3DD58F4CAE42}.Release|x86.Build.0 = Release|Win32
		{E9FE3427-3530-466F-B67A-422F730254A0}.Debug|x64.ActiveCfg = Debug|x64
		{E9FE3427-3530-466F-B67A-422F730254A0}.Debug|x64.Build.0 = Debug|x64
		{E9FE3427-3530-466F-B67A-422F730254A0}.Debug|x86.ActiveCfg = Debug|Win32
		{E9FE3427-3530-466F-B67A-422F730254A0}.Debug|x86.Build.0 = Debug|Win32
		{E9FE3427-3530-466F-B67A-422F730254A0}.Release|x64.ActiveCfg = Release|x64
		{E9FE3427-3530-466F-B67A-422F730254A0}.Release|x64.Build.0 = Release|x64
		{E9FE3427-3530-466F-B67A-422F730254A0}.Release|x86.ActiveCfg = Release|Win32
		{E9FE3427-3530-466F-B67A-422F730254A0}.Release|x86.Build.0 = Release|Win32
		{D3103848-7E94-4C6B-AAF2-E57247426F9B}.Debug|x64.ActiveCfg = Debug|x64
		{D3103848-7E94-4C6B-AAF2-E57247426F9B}.Debug|x64.Build.0 = Debug|x64
		{D3103848-7E94-4C6B-AAF2-E57247426F9B}.Debug|x86.ActiveCfg = Debug|Win32
		{D3103848-7E94-4C6B-AAF2-E57247426F9B}.Debug|x86.Build.0 = Debug|Win32
		{D3103848-7E94-4C6B-AAF2-E57247426F9B}.Release|x64.ActiveCfg = Release|x64
		{D3103848-7E94-4C6B-AAF2-E57247426F9B}.Release|x64.Build.0 = Release|x64
		{D3103848-7E94-4C6B-AAF2-E57247426F9B}.Release|x86.ActiveCfg = Release|Win32
		{D3103848-7E94-4C6B-AAF2-E57247426F9B}.Release|x86.Build.0 = Release|Win32
		{403EABFB-E400-4AE1-B50C-1F7D83FC9B78}.Debug|x64.ActiveCfg = Debug|x64
		{403EABFB-E400-4AE1-B50C-1F7D83FC9B78}.Debug|x64.Build.0 = Debug|x64
		{403EABFB-E400-4AE1-B50C-1F7D83FC9B78}.Debug|x86.ActiveCfg = Debug|Win32
		{403EABFB-E400-4AE1-B50C-1F7D83FC9B78}.Debug|x86.Build.0 = Debug|Win32
		{403EABFB-E400-4AE1-B50C-1F7D83FC9B78}.Release|x64.ActiveCfg = Release|x64
		{403EABFB-E400-4AE1-B50C-1F7D83FC9B78}.Release|x64.Build.0 = Release|x64
		{403EABFB-E400-4AE1-B50C-1F7D83FC9B78}.Release|x86.ActiveCfg = Release|Win32
		{403EABFB-E400-4AE1-B50C-1F7D83FC9B78}.Release|x86.Build.0 = Release|Win32
		{CADBA216-D7C5-43FA-9ABB-970F9316607B}.Debug|x64.ActiveCfg = Debug|x64
		{CADBA216-D7C5-43FA-9ABB-970F9316607B}.Debug|x64.Build.0 = Debug|x64
		{CADBA216-D7C5-43FA-9ABB-970F9316607B}.Debug|x86.ActiveCfg = Debug|Win32
		{CADBA216-D7C5-43FA-9ABB-970F9316607B}.Debug|x86.Build.0 = Debug|Win32
		{CADBA216-D7C5-43FA-9ABB-970F9316607B}.Release|x64.ActiveCfg = Release|x64
		{CADBA216-D7C5-43FA-9ABB-970F9316607B}.Release|x64.Build.0 = Release|x64
		{CADBA216-D7C5-43FA-9ABB-970F9316607B}.Release|x86.ActiveCfg = Release|Win32
		{CADBA216-D7C5-43FA-9ABB-970F9316607B}.Release|x86.Build.0 = Release|Win32
		{CE082BC8-3653-4791-818C-110FCCFC4338}.Debug|x64.ActiveCfg = Debug|x64
		{CE082BC8-3653-4791-818C-110FCCFC4338}.Debug|x64.Build.0 = Debug|x64
		{CE082BC8-3653-4791-818C-110FCCFC4338}.Debug|x86.ActiveCfg = Debug|Win32
		{CE082BC8-3653-4791-818C-110FCCFC4338}.Debug|x86.Build.0 = Debug|Win32
		{CE082BC8-3653-4791-818C-110FCCFC4338}.Release|x64.ActiveCfg = Release|x64
		{CE082BC8-3653-4791-818C-110FCCFC4338}.Release|x64.Build.0 = Release|x64
		{CE082BC8-3653-4791-818C-110FCCFC4338}.Release|x86.ActiveCfg = Release|Win32
		{CE082BC8-3653-4791-818C-110FCCFC4338}.Release|x86.Build.0 = Release|Win32
		{C769F9BA-5B6C-441F-844D-970B4415917C}.Debug|x64.ActiveCfg = Debug|x64
		{C769F9BA-5B6C-441F-844D-970B4415917C}.Debug|x64.Build.0 = Debug|x64
		{C769F9BA-5B6C-441F-844D-970B4415917C}.Debug|x86.ActiveCfg = Debug|Win32
		{C769F9BA-5B6C-441F-844D-970B4415917C}.Debug|x86.Build.0 = Debug|Win32
		{C769F9BA-5B6C-441F-844D-970B4415917C}.Release|x64.ActiveCfg = Release|x64
		{C769F9BA-5B6C-441F-844D-970B4415917C}.Release|x64.Build.0 = Release|x64
		{C769F9BA-5B6C-441F-844D-970B4415917C}.Release|x86.ActiveCfg = Release|Win32
		{C769F9BA-5B6C-441F-844D-970B4415917C}.Release|x86.Build.0 = Release|Win32
		{A6460B8B-D2E1-4558-9008-74AA3099530E}.Debug|x64.ActiveCfg = Debug|x64
		{A6460B8B-D2E1-4558-9008-74AA3099530E}.Debug|x64.Build.0 = Debug|x64
		{A6460B8B-D2E1-4558-9008-74AA3099530E}.Debug|x86.ActiveCfg = Debug|Win32
		{A6460B8B-D2E1-4558-9008-74AA3099530E}.Debug|x86.Build.0 = Debug|Win32
		{A6460B8B-D2E1-4558-9008-74AA3099530E}.Release|x64.ActiveCfg = Release|x64
		{A6460B8B-D2E1-4558-9008-74AA3099530E}.Release|x64.Build.0 = Release|x64
		{A6460B8B-D2E1-4558-9008-74AA3099530E}.Release|x86.ActiveCfg = Release|Win32
		{A6460B8B-D2E1-4558-9008-74AA3099530E}.Release|x86.Build.0 = Release|Win32
		{AD92A9E4-D824-4BD0-AE01-7727E9D0300B}.Debug|x64.ActiveCfg = Debug|x64
		{AD92A9E4-D824-4BD0-AE01-7727E9D0300B}.Debug|x64.Build.0 = Debug|x64
		{AD92A9E4-D824-4BD0-AE01-7727E9D0300B}.Debug|x86.ActiveCfg = Debug|Win32
		{AD92A9E4-D824-4BD0-AE01-7727E9D0300B}.Debug|x86.Build.0 = Debug|Win32
		{AD92A9E4-D824-4BD0-AE01-7727E9D0300B}.Release|x64.ActiveCfg = Release|x64
		{AD92A9E4-D824-4BD0-AE01-7727E9D0300B}.Release|x64.Build.0 = Release|x64
		{AD92A9E4-D824-4BD0-AE01-7727E9D0300B}.Release|x86.ActiveCfg = Release|Win32
		{AD92A9E4-D824-4BD0-AE01-7727E9D0300B}.Release|x86.Build.0 = Release|Win32
		{3BEB4FAB-EBE9-434A-A847-5CE14B40E4E3}.Debug|x64.ActiveCfg = Debug|x64
		{3BEB4FAB-EBE9-434A-A847-5CE14B40E4E3}.Debug|x64.Build.0 = Debug|x64
		{3BEB4FAB-EBE9-434A-A847-5CE14B40E4E3}.Debug|x86.ActiveCfg = Debug|Win32
		{3BEB4FAB-EBE9-434A-A847-5CE14B40E4E3}.Debug|x86.Build.0 = Debug|Win32
		{3BEB4FAB-EBE9-434A-A847-5CE14B40E4E3}.Release|x64.ActiveCfg = Release|x64
		{3BEB4FAB-EBE9-434A-A847-5CE14B40E4E3}.Release|x64.Build.0 = Release|x64
		{3BEB4FAB-EBE9-434A-A847-5CE14B40E4E3}.Release|x86.ActiveCfg = Release|Win32
		{3BEB4FAB-EBE9-434A-A847-5CE14B40E4E3}.Release|x86.Build.0 = Release|Win32
		{B30938E5-67B2-4802-9E1A-E143DC21D4AD}.Debug|x64.ActiveCfg = Debug|x64
		{B30938E5-67B2-4802-9E1A-E143DC21D4AD}.Debug|x64.Build.0 = Debug|x64
		{B30938E5-67B2-4802-9E1A-E143DC21D4AD}.Debug|x86.ActiveCfg = Debug|Win32
		{B30938E5-67B2-4802-9E1A-E143DC21D4AD}.Debug|x86.Build.0 = Debug|Win32
		{B30938E5-67B2-4802-9E1A-E143DC21D4AD}.Release|x64.ActiveCfg = Release|x64
		{B30938E5-67B2-4802-9E1A-E143DC21D4AD}.Release|x64.Build.0 = Release|x64
		{B30938E5-67B2-4802-9E1A-E143DC21D4AD}.Release|x86.ActiveCfg = Release|Win32
		{B30938E5-67B2-4802-9E1A-E143DC21D4AD}.Release|x86.Build.0 = Release|Win32
	EndGlobalSection
	GlobalSection(SolutionProperties) = preSolution
		HideSolutionNode = FALSE
	EndGlobalSection
	GlobalSection(NestedProjects) = preSolution
		{766FEC04-AF3E-41E1-95D5-00DC7F6723F5} = {02EA681E-C7D8-13C7-8484-4AC65E1B71E8}
		{2D1B9781-71ED-4D4B-9DC2-AB9E9379F104} = {A7FC97DE-B271-462E-A8C9-B4244F7BCA71}
		{75995B8E-3CD2-4ADB-938D-3B2FFFCA32C4} = {A7FC97DE-B271-462E-A8C9-B4244F7BCA71}
		{4E894C5A-73D2-3CF0-B54A-B862DFEE9187} = {60C85ED2-773C-470C-9F39-7F6070E9D120}
		{665EB1B4-EDC2-3D36-81B0-F6B1F447E529} = {60C85ED2-773C-470C-9F39-7F6070E9D120}
		{76CFAF9A-926A-411B-AA9E-56AE6913D68C} = {A7FC97DE-B271-462E-A8C9-B4244F7BCA71}
		{6E1F4F67-C330-4CCF-806F-3DD58F4CAE42} = {A7FC97DE-B271-462E-A8C9-B4244F7BCA71}
		{E9FE3427-3530-466F-B67A-422F730254A0} = {A7FC97DE-B271-462E-A8C9-B4244F7BCA71}
		{D3103848-7E94-4C6B-AAF2-E57247426F9B} = {A7FC97DE-B271-462E-A8C9-B4244F7BCA71}
		{403EABFB-E400-4AE1-B50C-1F7D83FC9B78} = {A7FC97DE-B271-462E-A8C9-B4244F7BCA71}
		{CADBA216-D7C5-43FA-9ABB-970F9316607B} = {A7FC97DE-B271-462E-A8C9-B4244F7BCA71}
		{CE082BC8-3653-4791-818C-110FCCFC4338} = {A7FC97DE-B271-462E-A8C9-B4244F7BCA71}
		{C769F9BA-5B6C-441F-844D-970B4415917C} = {02EA681E-C7D8-13C7-8484-4AC65E1B71E8}
		{A6460B8B-D2E1-4558-9008-74AA3099530E} = {02EA681E-C7D8-13C7-8484-4AC65E1B71E8}
		{AD92A9E4-D824-4BD0-AE01-7727E9D0300B} = {A7FC97DE-B271-462E-A8C9-B4244F7BCA71}
		{3BEB4FAB-EBE9-434A-A847-5CE14B40E4E3} = {02EA681E-C7D8-13C7-8484-4AC65E1B71E8}
		{B30938E5-67B2-4802-9E1A-E143DC21D4AD} = {A7FC97DE-B271-462E-A8C9-B4244F7BCA71}
	EndGlobalSection
	GlobalSection(ExtensibilityGlobals) = postSolution
		SolutionGuid = {1A16C4DB-28C1-4B45-AA4C-B50FCF78A9A3}
	EndGlobalSection
EndGlobal
