<?xml version="1.0" encoding="utf-8"?>
<Project ToolsVersion="4.0" xmlns="http://schemas.microsoft.com/developer/msbuild/2003">
  <ItemGroup>
    <ClInclude Include="Private\PCH.DogeDynamicLibrary.h" />
    <ClInclude Include="Public\Definitions.DogeDynamicLibrary.h" />
  </ItemGroup>
  <ItemGroup>
    <ClCompile Include="Private\PCH.DogeDynamicLibrary.cpp" />
  </ItemGroup>
</Project>