<?xml version="1.0" encoding="utf-8"?>
<Project ToolsVersion="4.0" xmlns="http://schemas.microsoft.com/developer/msbuild/2003">
  <ItemGroup>
    <ClInclude Include="Private\PCH.MonaCore.h" />
    <ClInclude Include="Public\Definitions.MonaCore.h" />
    <ClInclude Include="Public\Rendering\RenderingCommon.h" />
    <ClInclude Include="Public\Widgets\MWidget.h" />
    <ClInclude Include="Public\Widgets\MWindow.h" />
    <ClInclude Include="Public\Application\MonaApplication.h" />
    <ClInclude Include="Private\Application\MonaWindowHelper.h" />
    <ClInclude Include="Public\Rendering\MonaRenderer.h" />
    <ClInclude Include="Public\Rendering\MonaRHIRenderer.h" />
  </ItemGroup>
  <ItemGroup>
    <ClCompile Include="Private\PCH.MonaCore.cpp" />
    <ClCompile Include="Private\Widgets\MWidget.cpp" />
    <ClCompile Include="Private\Widgets\MWindow.cpp" />
    <ClCompile Include="Private\Application\MonaApplication.cpp" />
    <ClCompile Include="Private\Application\MonaWindowHelper.cpp" />
    <ClCompile Include="Private\Rendering\MonaRHIRenderer.cpp" />
  </ItemGroup>
</Project>