<?xml version="1.0" encoding="utf-8"?>
<Project ToolsVersion="4.0" xmlns="http://schemas.microsoft.com/developer/msbuild/2003">
  <ItemGroup>
    <ClInclude Include="Public\Definitions.Engine.h" />
    <ClInclude Include="Private\PCH.Engine.h" />
    <ClInclude Include="Public\Client\RenderTarget.h" />
    <ClInclude Include="Public\Mona\SceneViewport.h" />
    <ClInclude Include="Public\Client\Viewport.h" />
    <ClInclude Include="Public\Client\ViewportClient.h" />
    <ClInclude Include="Public\StaticMesh\StaticMesh.h" />
    <ClInclude Include="Public\StaticMesh\StaticMeshResources.h" />
    <ClInclude Include="Public\Engine\Engine.h" />
    <ClInclude Include="Public\StaticMesh\StaticMeshVertexData.h" />
    <ClInclude Include="Public\Rendering\PositionVertexBuffer.h" />
    <ClInclude Include="Public\Rendering\ColorVertexBuffer.h" />
    <ClInclude Include="Public\Rendering\StaticMeshVertexData.h" />
    <ClInclude Include="Public\Engine\PrimitiveSceneProxy.h" />
    <ClInclude Include="Public\Actors\Actor.h" />
    <ClInclude Include="Public\Components\ActorComponent.h" />
    <ClInclude Include="Public\Components\SceneComponent.h" />
    <ClInclude Include="Public\Components\StaticMeshComponent.h" />
    <ClInclude Include="Public\Components\PrimitiveComponent.h" />
    <ClInclude Include="Public\Components\MeshComponent.h" />
    <ClInclude Include="Public\Actors\StaticMeshActor.h" />
  </ItemGroup>
  <ItemGroup>
    <ClCompile Include="Private\PCH.Engine.cpp" />
    <ClCompile Include="Private\Client\RenderTarget.cpp" />
    <ClCompile Include="Private\Client\Viewport.cpp" />
    <ClCompile Include="Private\Client\ViewportClient.cpp" />
    <ClCompile Include="Private\Mona\SceneViewport.cpp" />
    <ClCompile Include="Private\Engine\Engine.cpp" />
    <ClCompile Include="Private\Rendering\PositionVertexBuffer.cpp" />
    <ClCompile Include="Private\Engine\PrimitiveSceneProxy.cpp" />
    <ClCompile Include="Private\Actors\Actor.cpp" />
    <ClCompile Include="Private\Components\ActorComponent.cpp" />
    <ClCompile Include="Private\Components\SceneComponent.cpp" />
    <ClCompile Include="Private\Actors\StaticMeshActor.cpp" />
    <ClCompile Include="Private\Components\PrimitiveComponent.cpp" />
    <ClCompile Include="Private\Components\StaticMeshComponent.cpp" />
    <ClCompile Include="Private\Components\MeshComponent.cpp" />
  </ItemGroup>
</Project>