<?xml version="1.0" encoding="utf-8"?>
<Project ToolsVersion="4.0" xmlns="http://schemas.microsoft.com/developer/msbuild/2003">
  <ItemGroup>
    <ClInclude Include="Public\Definitions.Engine.h" />
    <ClInclude Include="Private\PCH.Engine.h" />
    <ClInclude Include="Public\Client\RenderTarget.h" />
    <ClInclude Include="Public\Mona\SceneViewport.h" />
    <ClInclude Include="Public\Client\Viewport.h" />
    <ClInclude Include="Public\Client\ViewportClient.h" />
    <ClInclude Include="Public\Engine\StaticMesh.h" />
    <ClInclude Include="Public\Engine\StaticMeshResources.h" />
    <ClInclude Include="Public\Engine\Engine.h" />
    <ClInclude Include="Public\Engine\StaticMeshVertexData.h" />
    <ClInclude Include="Public\Rendering\PositionVertexBuffer.h" />
    <ClInclude Include="Public\Rendering\ColorVertexBuffer.h" />
  </ItemGroup>
  <ItemGroup>
    <ClCompile Include="Private\PCH.Engine.cpp" />
    <ClCompile Include="Private\Client\RenderTarget.cpp" />
    <ClCompile Include="Private\Client\Viewport.cpp" />
    <ClCompile Include="Private\Client\ViewportClient.cpp" />
    <ClCompile Include="Private\Mona\SceneViewport.cpp" />
    <ClCompile Include="Private\Engine\Engine.cpp" />
  </ItemGroup>
</Project>