<?xml version="1.0" encoding="utf-8"?>
<Project ToolsVersion="4.0" xmlns="http://schemas.microsoft.com/developer/msbuild/2003">
  <ItemGroup>
    <ClCompile Include="Private\Logging\Logger.cpp" />
    <ClCompile Include="Private\Misc\PCH.Core.cpp" />
    <ClCompile Include="Private\Misc\CoreGlobals.cpp" />
    <ClCompile Include="Private\Modules\ModuleManager.cpp" />
    <ClCompile Include="Private\Math\Color.cpp" />
    <ClCompile Include="Private\Math\Transform.cpp" />
    <ClCompile Include="Private\DObject\DObject.cpp" />
  </ItemGroup>
  <ItemGroup>
    <ClInclude Include="Public\CoreMinimal.h" />
    <ClInclude Include="Public\HAL\Platform.h" />
    <ClInclude Include="Public\Windows\WindowsPlatform.h" />
    <ClInclude Include="Public\Misc\AssertionMacros.h" />
    <ClInclude Include="Public\Logging\LogMacros.h" />
    <ClInclude Include="Public\Misc\EnumClassFlags.h" />
    <ClInclude Include="Public\Logging\Logger.h" />
    <ClInclude Include="Private\PCH.Core.h" />
    <ClInclude Include="Public\CoreGlobals.h" />
    <ClInclude Include="Public\Definitions.Core.h" />
    <ClInclude Include="Public\Math\Constants.h" />
    <ClInclude Include="Public\Math\DogeMath.h" />
    <ClInclude Include="Public\Math\Vector.h" />
    <ClInclude Include="Public\Math\MathFwd.h" />
    <ClInclude Include="Public\CoreFwd.h" />
    <ClInclude Include="Public\Containers\ContainersFwd.h" />
    <ClInclude Include="Public\Math\NumericalOperations.h" />
    <ClInclude Include="Public\Modules\ModuleManager.h" />
    <ClInclude Include="Public\Templates\SmartPointers.h" />
    <ClInclude Include="Public\Templates\StdAlias.h" />
    <ClInclude Include="Public\Misc\PixelFormat.h" />
    <ClInclude Include="Public\Misc\CoreMiscDefines.h" />
    <ClInclude Include="Public\Math\Color.h" />
    <ClInclude Include="Public\Math\Transform.h" />
    <ClInclude Include="Public\Math\Rotator.h" />
    <ClInclude Include="Public\DObject\DObject.h" />
  </ItemGroup>
</Project>